
Microsoft Visual Studio Solution File, Format Version 12.00
# Visual Studio Version 17
VisualStudioVersion = 17.7.34024.191
MinimumVisualStudioVersion = 10.0.40219.1
Project("{9A19103F-16F7-4668-BE54-9A1E7A4F7556}") = "Prakt8", "Prakt8\Prakt8.csproj", "{BDFB7462-DF36-47AC-BFFB-7533F6D95762}"
EndProject
Project("{FAE04EC0-301F-11D3-BF4B-00C04F79EFBC}") = "Lib_4", "Lib_4\Lib_4.csproj", "{8857B940-A411-4D04-A634-2B239B18076F}"
EndProject
Global
	GlobalSection(SolutionConfigurationPlatforms) = preSolution
		Debug|Any CPU = Debug|Any CPU
		Release|Any CPU = Release|Any CPU
	EndGlobalSection
	GlobalSection(ProjectConfigurationPlatforms) = postSolution
		{BDFB7462-DF36-47AC-BFFB-7533F6D95762}.Debug|Any CPU.ActiveCfg = Debug|Any CPU
		{BDFB7462-DF36-47AC-BFFB-7533F6D95762}.Debug|Any CPU.Build.0 = Debug|Any CPU
		{BDFB7462-DF36-47AC-BFFB-7533F6D95762}.Release|Any CPU.ActiveCfg = Release|Any CPU
		{BDFB7462-DF36-47AC-BFFB-7533F6D95762}.Release|Any CPU.Build.0 = Release|Any CPU
		{8857B940-A411-4D04-A634-2B239B18076F}.Debug|Any CPU.ActiveCfg = Debug|Any CPU
		{8857B940-A411-4D04-A634-2B239B18076F}.Debug|Any CPU.Build.0 = Debug|Any CPU
		{8857B940-A411-4D04-A634-2B239B18076F}.Release|Any CPU.ActiveCfg = Release|Any CPU
		{8857B940-A411-4D04-A634-2B239B18076F}.Release|Any CPU.Build.0 = Release|Any CPU
	EndGlobalSection
	GlobalSection(SolutionProperties) = preSolution
		HideSolutionNode = FALSE
	EndGlobalSection
	GlobalSection(ExtensibilityGlobals) = postSolution
		SolutionGuid = {0C1FE60A-1925-4F41-B779-6882F308B8E9}
	EndGlobalSection
EndGlobal
